// !$*UTF8*$!
{
	archiveVersion = 1;
	classes = {
	};
	objectVersion = 77;
	objects = {

/* Begin PBXBuildFile section */
		2158C3C42DA2F35000AB252A /* AnimalsViewModel.swift in Sources */ = {isa = PBXBuildFile; fileRef = 2158C3C32DA2F35000AB252A /* AnimalsViewModel.swift */; };
		2158C3C72DA2F73900AB252A /* GameWordPair.swift in Sources */ = {isa = PBXBuildFile; fileRef = 2158C3C62DA2F73900AB252A /* GameWordPair.swift */; };
		2158C3C92DA2F78B00AB252A /* GameWordPairViewModel.swift in Sources */ = {isa = PBXBuildFile; fileRef = 2158C3C82DA2F78B00AB252A /* GameWordPairViewModel.swift */; };
		2158C3CD2DA306E900AB252A /* SpeechView.swift in Sources */ = {isa = PBXBuildFile; fileRef = 2158C3CC2DA306E900AB252A /* SpeechView.swift */; };
		2158C3D12DA3867500AB252A /* ComputerGame.swift in Sources */ = {isa = PBXBuildFile; fileRef = 2158C3D02DA3867500AB252A /* ComputerGame.swift */; };
		217618A42DA14F890053DA6C /* Preview Assets.xcassets in Resources */ = {isa = PBXBuildFile; fileRef = 2176189E2DA14F890053DA6C /* Preview Assets.xcassets */; };
		217618A52DA14F890053DA6C /* Assets.xcassets in Resources */ = {isa = PBXBuildFile; fileRef = 217618A02DA14F890053DA6C /* Assets.xcassets */; };
		217618A62DA14F890053DA6C /* OnboardingView.swift in Sources */ = {isa = PBXBuildFile; fileRef = 217618A12DA14F890053DA6C /* OnboardingView.swift */; };
		217618A72DA14F890053DA6C /* RepeatAgainApp.swift in Sources */ = {isa = PBXBuildFile; fileRef = 217618A22DA14F890053DA6C /* RepeatAgainApp.swift */; };
		217618AA2DA14F8D0053DA6C /* RepeatAgainTests.swift in Sources */ = {isa = PBXBuildFile; fileRef = 217618A82DA14F8D0053DA6C /* RepeatAgainTests.swift */; };
		217618B32DA160C50053DA6C /* NetworkModifier.swift in Sources */ = {isa = PBXBuildFile; fileRef = 217618B22DA160C50053DA6C /* NetworkModifier.swift */; };
		217618C02DA1614F0053DA6C /* OnboardingViewModel.swift in Sources */ = {isa = PBXBuildFile; fileRef = 217618BF2DA1614F0053DA6C /* OnboardingViewModel.swift */; };
		217618C22DA161610053DA6C /* QueueModel.swift in Sources */ = {isa = PBXBuildFile; fileRef = 217618C12DA161610053DA6C /* QueueModel.swift */; };
		217618C52DA163800053DA6C /* Constants.swift in Sources */ = {isa = PBXBuildFile; fileRef = 217618C42DA163800053DA6C /* Constants.swift */; };
		217618CB2DA164830053DA6C /* SplashScreenView.swift in Sources */ = {isa = PBXBuildFile; fileRef = 217618CA2DA164830053DA6C /* SplashScreenView.swift */; };
		217750072DA169DF006C421E /* UserKey.swift in Sources */ = {isa = PBXBuildFile; fileRef = 217750062DA169DE006C421E /* UserKey.swift */; };
		2177500A2DA16CE8006C421E /* View.swift in Sources */ = {isa = PBXBuildFile; fileRef = 217750092DA16CE8006C421E /* View.swift */; };
		2177502B2DA16DB9006C421E /* Fredoka_Condensed-Regular.ttf in Resources */ = {isa = PBXBuildFile; fileRef = 217750152DA16DB9006C421E /* Fredoka_Condensed-Regular.ttf */; };
		2177502C2DA16DB9006C421E /* Fredoka_Condensed-Medium.ttf in Resources */ = {isa = PBXBuildFile; fileRef = 217750142DA16DB9006C421E /* Fredoka_Condensed-Medium.ttf */; };
		2177502D2DA16DB9006C421E /* Fredoka_Expanded-Bold.ttf in Resources */ = {isa = PBXBuildFile; fileRef = 217750172DA16DB9006C421E /* Fredoka_Expanded-Bold.ttf */; };
		2177502E2DA16DB9006C421E /* Fredoka_SemiCondensed-SemiBold.ttf in Resources */ = {isa = PBXBuildFile; fileRef = 217750202DA16DB9006C421E /* Fredoka_SemiCondensed-SemiBold.ttf */; };
		2177502F2DA16DB9006C421E /* Fredoka_SemiExpanded-SemiBold.ttf in Resources */ = {isa = PBXBuildFile; fileRef = 217750252DA16DB9006C421E /* Fredoka_SemiExpanded-SemiBold.ttf */; };
		217750302DA16DB9006C421E /* Fredoka_SemiCondensed-Regular.ttf in Resources */ = {isa = PBXBuildFile; fileRef = 2177501F2DA16DB9006C421E /* Fredoka_SemiCondensed-Regular.ttf */; };
		217750312DA16DB9006C421E /* Fredoka_SemiCondensed-Medium.ttf in Resources */ = {isa = PBXBuildFile; fileRef = 2177501E2DA16DB9006C421E /* Fredoka_SemiCondensed-Medium.ttf */; };
		217750322DA16DB9006C421E /* Fredoka_Condensed-Light.ttf in Resources */ = {isa = PBXBuildFile; fileRef = 217750132DA16DB9006C421E /* Fredoka_Condensed-Light.ttf */; };
		217750332DA16DB9006C421E /* Fredoka_Expanded-Medium.ttf in Resources */ = {isa = PBXBuildFile; fileRef = 217750192DA16DB9006C421E /* Fredoka_Expanded-Medium.ttf */; };
		217750342DA16DB9006C421E /* Fredoka_Condensed-Bold.ttf in Resources */ = {isa = PBXBuildFile; fileRef = 217750122DA16DB9006C421E /* Fredoka_Condensed-Bold.ttf */; };
		217750352DA16DB9006C421E /* Fredoka-SemiBold.ttf in Resources */ = {isa = PBXBuildFile; fileRef = 2177502A2DA16DB9006C421E /* Fredoka-SemiBold.ttf */; };
		217750362DA16DB9006C421E /* Fredoka_Expanded-Regular.ttf in Resources */ = {isa = PBXBuildFile; fileRef = 2177501A2DA16DB9006C421E /* Fredoka_Expanded-Regular.ttf */; };
		217750372DA16DB9006C421E /* Fredoka_SemiExpanded-Regular.ttf in Resources */ = {isa = PBXBuildFile; fileRef = 217750242DA16DB9006C421E /* Fredoka_SemiExpanded-Regular.ttf */; };
		217750382DA16DB9006C421E /* Fredoka_SemiExpanded-Medium.ttf in Resources */ = {isa = PBXBuildFile; fileRef = 217750232DA16DB9006C421E /* Fredoka_SemiExpanded-Medium.ttf */; };
		217750392DA16DB9006C421E /* Fredoka_SemiExpanded-Bold.ttf in Resources */ = {isa = PBXBuildFile; fileRef = 217750212DA16DB9006C421E /* Fredoka_SemiExpanded-Bold.ttf */; };
		2177503A2DA16DB9006C421E /* Fredoka_Expanded-SemiBold.ttf in Resources */ = {isa = PBXBuildFile; fileRef = 2177501B2DA16DB9006C421E /* Fredoka_Expanded-SemiBold.ttf */; };
		2177503B2DA16DB9006C421E /* Fredoka_SemiCondensed-Bold.ttf in Resources */ = {isa = PBXBuildFile; fileRef = 2177501C2DA16DB9006C421E /* Fredoka_SemiCondensed-Bold.ttf */; };
		2177503C2DA16DB9006C421E /* Fredoka_SemiCondensed-Light.ttf in Resources */ = {isa = PBXBuildFile; fileRef = 2177501D2DA16DB9006C421E /* Fredoka_SemiCondensed-Light.ttf */; };
		2177503D2DA16DB9006C421E /* Fredoka-Regular.ttf in Resources */ = {isa = PBXBuildFile; fileRef = 217750292DA16DB9006C421E /* Fredoka-Regular.ttf */; };
		2177503E2DA16DB9006C421E /* Fredoka_Expanded-Light.ttf in Resources */ = {isa = PBXBuildFile; fileRef = 217750182DA16DB9006C421E /* Fredoka_Expanded-Light.ttf */; };
		2177503F2DA16DB9006C421E /* Fredoka_SemiExpanded-Light.ttf in Resources */ = {isa = PBXBuildFile; fileRef = 217750222DA16DB9006C421E /* Fredoka_SemiExpanded-Light.ttf */; };
		217750402DA16DB9006C421E /* Fredoka_Condensed-SemiBold.ttf in Resources */ = {isa = PBXBuildFile; fileRef = 217750162DA16DB9006C421E /* Fredoka_Condensed-SemiBold.ttf */; };
		217750412DA16DB9006C421E /* Fredoka-Medium.ttf in Resources */ = {isa = PBXBuildFile; fileRef = 217750282DA16DB9006C421E /* Fredoka-Medium.ttf */; };
		217750422DA16DB9006C421E /* Fredoka-Light.ttf in Resources */ = {isa = PBXBuildFile; fileRef = 217750272DA16DB9006C421E /* Fredoka-Light.ttf */; };
		217750432DA16DB9006C421E /* Fredoka-Bold.ttf in Resources */ = {isa = PBXBuildFile; fileRef = 217750262DA16DB9006C421E /* Fredoka-Bold.ttf */; };
		217750482DA16E4D006C421E /* MainButtonView.swift in Sources */ = {isa = PBXBuildFile; fileRef = 217750472DA16E4D006C421E /* MainButtonView.swift */; };
		2177504C2DA1876B006C421E /* StepView.swift in Sources */ = {isa = PBXBuildFile; fileRef = 2177504B2DA1876B006C421E /* StepView.swift */; };
		2177504E2DA18AA9006C421E /* SelectLanguage.swift in Sources */ = {isa = PBXBuildFile; fileRef = 2177504D2DA18AA9006C421E /* SelectLanguage.swift */; };
		217750502DA18B40006C421E /* Login.swift in Sources */ = {isa = PBXBuildFile; fileRef = 2177504F2DA18B40006C421E /* Login.swift */; };
		217750522DA18D9F006C421E /* Language.swift in Sources */ = {isa = PBXBuildFile; fileRef = 217750512DA18D9F006C421E /* Language.swift */; };
		217750552DA18F07006C421E /* SelectLanguageViewModel.swift in Sources */ = {isa = PBXBuildFile; fileRef = 217750542DA18F07006C421E /* SelectLanguageViewModel.swift */; };
		219303B92DA2D4F7007839EE /* Games.swift in Sources */ = {isa = PBXBuildFile; fileRef = 219303B82DA2D4F7007839EE /* Games.swift */; };
		219303BC2DA2D546007839EE /* AnimalsView.swift in Sources */ = {isa = PBXBuildFile; fileRef = 219303BB2DA2D546007839EE /* AnimalsView.swift */; };
		21BDB1972DA1A0C500701057 /* CustomTextField.swift in Sources */ = {isa = PBXBuildFile; fileRef = 21BDB1952DA1A0C500701057 /* CustomTextField.swift */; };
		21BDB1992DA1A3D500701057 /* AuthViewModel.swift in Sources */ = {isa = PBXBuildFile; fileRef = 21BDB1982DA1A3D500701057 /* AuthViewModel.swift */; };
		21BDB19B2DA1A50900701057 /* SignupView.swift in Sources */ = {isa = PBXBuildFile; fileRef = 21BDB19A2DA1A50900701057 /* SignupView.swift */; };
		21BDB19E2DA1A9E500701057 /* Alamofire in Frameworks */ = {isa = PBXBuildFile; productRef = 21BDB19D2DA1A9E500701057 /* Alamofire */; };
		21BDB1A02DA1A9F500701057 /* EmailModel.swift in Sources */ = {isa = PBXBuildFile; fileRef = 21BDB19F2DA1A9F500701057 /* EmailModel.swift */; };
		21BDB1A22DA1ADDF00701057 /* PasswordView.swift in Sources */ = {isa = PBXBuildFile; fileRef = 21BDB1A12DA1ADDF00701057 /* PasswordView.swift */; };
		21BDB1A42DA1AFB900701057 /* PDFKitView.swift in Sources */ = {isa = PBXBuildFile; fileRef = 21BDB1A32DA1AFB900701057 /* PDFKitView.swift */; };
/* End PBXBuildFile section */

/* Begin PBXContainerItemProxy section */
		217618822DA14EF80053DA6C /* PBXContainerItemProxy */ = {
			isa = PBXContainerItemProxy;
			containerPortal = 217618692DA14EF60053DA6C /* Project object */;
			proxyType = 1;
			remoteGlobalIDString = 217618702DA14EF60053DA6C;
			remoteInfo = RepeatAgain;
		};
/* End PBXContainerItemProxy section */

/* Begin PBXFileReference section */
		2158C3C32DA2F35000AB252A /* AnimalsViewModel.swift */ = {isa = PBXFileReference; lastKnownFileType = sourcecode.swift; path = AnimalsViewModel.swift; sourceTree = "<group>"; };
		2158C3C62DA2F73900AB252A /* GameWordPair.swift */ = {isa = PBXFileReference; lastKnownFileType = sourcecode.swift; path = GameWordPair.swift; sourceTree = "<group>"; };
		2158C3C82DA2F78B00AB252A /* GameWordPairViewModel.swift */ = {isa = PBXFileReference; lastKnownFileType = sourcecode.swift; path = GameWordPairViewModel.swift; sourceTree = "<group>"; };
		2158C3CC2DA306E900AB252A /* SpeechView.swift */ = {isa = PBXFileReference; lastKnownFileType = sourcecode.swift; path = SpeechView.swift; sourceTree = "<group>"; };
		2158C3D02DA3867500AB252A /* ComputerGame.swift */ = {isa = PBXFileReference; lastKnownFileType = sourcecode.swift; path = ComputerGame.swift; sourceTree = "<group>"; };
		217618712DA14EF60053DA6C /* RepeatAgain.app */ = {isa = PBXFileReference; explicitFileType = wrapper.application; includeInIndex = 0; path = RepeatAgain.app; sourceTree = BUILT_PRODUCTS_DIR; };
		217618812DA14EF80053DA6C /* RepeatAgainTests.xctest */ = {isa = PBXFileReference; explicitFileType = wrapper.cfbundle; includeInIndex = 0; path = RepeatAgainTests.xctest; sourceTree = BUILT_PRODUCTS_DIR; };
		2176189E2DA14F890053DA6C /* Preview Assets.xcassets */ = {isa = PBXFileReference; lastKnownFileType = folder.assetcatalog; path = "Preview Assets.xcassets"; sourceTree = "<group>"; };
		217618A02DA14F890053DA6C /* Assets.xcassets */ = {isa = PBXFileReference; lastKnownFileType = folder.assetcatalog; path = Assets.xcassets; sourceTree = "<group>"; };
		217618A12DA14F890053DA6C /* OnboardingView.swift */ = {isa = PBXFileReference; lastKnownFileType = sourcecode.swift; path = OnboardingView.swift; sourceTree = "<group>"; };
		217618A22DA14F890053DA6C /* RepeatAgainApp.swift */ = {isa = PBXFileReference; lastKnownFileType = sourcecode.swift; path = RepeatAgainApp.swift; sourceTree = "<group>"; };
		217618A82DA14F8D0053DA6C /* RepeatAgainTests.swift */ = {isa = PBXFileReference; lastKnownFileType = sourcecode.swift; path = RepeatAgainTests.swift; sourceTree = "<group>"; };
		217618B22DA160C50053DA6C /* NetworkModifier.swift */ = {isa = PBXFileReference; lastKnownFileType = sourcecode.swift; path = NetworkModifier.swift; sourceTree = "<group>"; };
		217618BF2DA1614F0053DA6C /* OnboardingViewModel.swift */ = {isa = PBXFileReference; lastKnownFileType = sourcecode.swift; path = OnboardingViewModel.swift; sourceTree = "<group>"; };
		217618C12DA161610053DA6C /* QueueModel.swift */ = {isa = PBXFileReference; lastKnownFileType = sourcecode.swift; path = QueueModel.swift; sourceTree = "<group>"; };
		217618C42DA163800053DA6C /* Constants.swift */ = {isa = PBXFileReference; lastKnownFileType = sourcecode.swift; path = Constants.swift; sourceTree = "<group>"; };
		217618CA2DA164830053DA6C /* SplashScreenView.swift */ = {isa = PBXFileReference; lastKnownFileType = sourcecode.swift; path = SplashScreenView.swift; sourceTree = "<group>"; };
		217750062DA169DE006C421E /* UserKey.swift */ = {isa = PBXFileReference; lastKnownFileType = sourcecode.swift; path = UserKey.swift; sourceTree = "<group>"; };
		217750092DA16CE8006C421E /* View.swift */ = {isa = PBXFileReference; lastKnownFileType = sourcecode.swift; path = View.swift; sourceTree = "<group>"; };
		217750122DA16DB9006C421E /* Fredoka_Condensed-Bold.ttf */ = {isa = PBXFileReference; lastKnownFileType = file; path = "Fredoka_Condensed-Bold.ttf"; sourceTree = "<group>"; };
		217750132DA16DB9006C421E /* Fredoka_Condensed-Light.ttf */ = {isa = PBXFileReference; lastKnownFileType = file; path = "Fredoka_Condensed-Light.ttf"; sourceTree = "<group>"; };
		217750142DA16DB9006C421E /* Fredoka_Condensed-Medium.ttf */ = {isa = PBXFileReference; lastKnownFileType = file; path = "Fredoka_Condensed-Medium.ttf"; sourceTree = "<group>"; };
		217750152DA16DB9006C421E /* Fredoka_Condensed-Regular.ttf */ = {isa = PBXFileReference; lastKnownFileType = file; path = "Fredoka_Condensed-Regular.ttf"; sourceTree = "<group>"; };
		217750162DA16DB9006C421E /* Fredoka_Condensed-SemiBold.ttf */ = {isa = PBXFileReference; lastKnownFileType = file; path = "Fredoka_Condensed-SemiBold.ttf"; sourceTree = "<group>"; };
		217750172DA16DB9006C421E /* Fredoka_Expanded-Bold.ttf */ = {isa = PBXFileReference; lastKnownFileType = file; path = "Fredoka_Expanded-Bold.ttf"; sourceTree = "<group>"; };
		217750182DA16DB9006C421E /* Fredoka_Expanded-Light.ttf */ = {isa = PBXFileReference; lastKnownFileType = file; path = "Fredoka_Expanded-Light.ttf"; sourceTree = "<group>"; };
		217750192DA16DB9006C421E /* Fredoka_Expanded-Medium.ttf */ = {isa = PBXFileReference; lastKnownFileType = file; path = "Fredoka_Expanded-Medium.ttf"; sourceTree = "<group>"; };
		2177501A2DA16DB9006C421E /* Fredoka_Expanded-Regular.ttf */ = {isa = PBXFileReference; lastKnownFileType = file; path = "Fredoka_Expanded-Regular.ttf"; sourceTree = "<group>"; };
		2177501B2DA16DB9006C421E /* Fredoka_Expanded-SemiBold.ttf */ = {isa = PBXFileReference; lastKnownFileType = file; path = "Fredoka_Expanded-SemiBold.ttf"; sourceTree = "<group>"; };
		2177501C2DA16DB9006C421E /* Fredoka_SemiCondensed-Bold.ttf */ = {isa = PBXFileReference; lastKnownFileType = file; path = "Fredoka_SemiCondensed-Bold.ttf"; sourceTree = "<group>"; };
		2177501D2DA16DB9006C421E /* Fredoka_SemiCondensed-Light.ttf */ = {isa = PBXFileReference; lastKnownFileType = file; path = "Fredoka_SemiCondensed-Light.ttf"; sourceTree = "<group>"; };
		2177501E2DA16DB9006C421E /* Fredoka_SemiCondensed-Medium.ttf */ = {isa = PBXFileReference; lastKnownFileType = file; path = "Fredoka_SemiCondensed-Medium.ttf"; sourceTree = "<group>"; };
		2177501F2DA16DB9006C421E /* Fredoka_SemiCondensed-Regular.ttf */ = {isa = PBXFileReference; lastKnownFileType = file; path = "Fredoka_SemiCondensed-Regular.ttf"; sourceTree = "<group>"; };
		217750202DA16DB9006C421E /* Fredoka_SemiCondensed-SemiBold.ttf */ = {isa = PBXFileReference; lastKnownFileType = file; path = "Fredoka_SemiCondensed-SemiBold.ttf"; sourceTree = "<group>"; };
		217750212DA16DB9006C421E /* Fredoka_SemiExpanded-Bold.ttf */ = {isa = PBXFileReference; lastKnownFileType = file; path = "Fredoka_SemiExpanded-Bold.ttf"; sourceTree = "<group>"; };
		217750222DA16DB9006C421E /* Fredoka_SemiExpanded-Light.ttf */ = {isa = PBXFileReference; lastKnownFileType = file; path = "Fredoka_SemiExpanded-Light.ttf"; sourceTree = "<group>"; };
		217750232DA16DB9006C421E /* Fredoka_SemiExpanded-Medium.ttf */ = {isa = PBXFileReference; lastKnownFileType = file; path = "Fredoka_SemiExpanded-Medium.ttf"; sourceTree = "<group>"; };
		217750242DA16DB9006C421E /* Fredoka_SemiExpanded-Regular.ttf */ = {isa = PBXFileReference; lastKnownFileType = file; path = "Fredoka_SemiExpanded-Regular.ttf"; sourceTree = "<group>"; };
		217750252DA16DB9006C421E /* Fredoka_SemiExpanded-SemiBold.ttf */ = {isa = PBXFileReference; lastKnownFileType = file; path = "Fredoka_SemiExpanded-SemiBold.ttf"; sourceTree = "<group>"; };
		217750262DA16DB9006C421E /* Fredoka-Bold.ttf */ = {isa = PBXFileReference; lastKnownFileType = file; path = "Fredoka-Bold.ttf"; sourceTree = "<group>"; };
		217750272DA16DB9006C421E /* Fredoka-Light.ttf */ = {isa = PBXFileReference; lastKnownFileType = file; path = "Fredoka-Light.ttf"; sourceTree = "<group>"; };
		217750282DA16DB9006C421E /* Fredoka-Medium.ttf */ = {isa = PBXFileReference; lastKnownFileType = file; path = "Fredoka-Medium.ttf"; sourceTree = "<group>"; };
		217750292DA16DB9006C421E /* Fredoka-Regular.ttf */ = {isa = PBXFileReference; lastKnownFileType = file; path = "Fredoka-Regular.ttf"; sourceTree = "<group>"; };
		2177502A2DA16DB9006C421E /* Fredoka-SemiBold.ttf */ = {isa = PBXFileReference; lastKnownFileType = file; path = "Fredoka-SemiBold.ttf"; sourceTree = "<group>"; };
		217750442DA16DCA006C421E /* Info.plist */ = {isa = PBXFileReference; lastKnownFileType = text.plist; path = Info.plist; sourceTree = "<group>"; };
		217750472DA16E4D006C421E /* MainButtonView.swift */ = {isa = PBXFileReference; lastKnownFileType = sourcecode.swift; path = MainButtonView.swift; sourceTree = "<group>"; };
		2177504B2DA1876B006C421E /* StepView.swift */ = {isa = PBXFileReference; lastKnownFileType = sourcecode.swift; path = StepView.swift; sourceTree = "<group>"; };
		2177504D2DA18AA9006C421E /* SelectLanguage.swift */ = {isa = PBXFileReference; lastKnownFileType = sourcecode.swift; path = SelectLanguage.swift; sourceTree = "<group>"; };
		2177504F2DA18B40006C421E /* Login.swift */ = {isa = PBXFileReference; lastKnownFileType = sourcecode.swift; path = Login.swift; sourceTree = "<group>"; };
		217750512DA18D9F006C421E /* Language.swift */ = {isa = PBXFileReference; lastKnownFileType = sourcecode.swift; path = Language.swift; sourceTree = "<group>"; };
		217750542DA18F07006C421E /* SelectLanguageViewModel.swift */ = {isa = PBXFileReference; lastKnownFileType = sourcecode.swift; path = SelectLanguageViewModel.swift; sourceTree = "<group>"; };
		219303B82DA2D4F7007839EE /* Games.swift */ = {isa = PBXFileReference; lastKnownFileType = sourcecode.swift; path = Games.swift; sourceTree = "<group>"; };
		219303BB2DA2D546007839EE /* AnimalsView.swift */ = {isa = PBXFileReference; lastKnownFileType = sourcecode.swift; path = AnimalsView.swift; sourceTree = "<group>"; };
		21BDB1952DA1A0C500701057 /* CustomTextField.swift */ = {isa = PBXFileReference; lastKnownFileType = sourcecode.swift; path = CustomTextField.swift; sourceTree = "<group>"; };
		21BDB1982DA1A3D500701057 /* AuthViewModel.swift */ = {isa = PBXFileReference; lastKnownFileType = sourcecode.swift; path = AuthViewModel.swift; sourceTree = "<group>"; };
		21BDB19A2DA1A50900701057 /* SignupView.swift */ = {isa = PBXFileReference; lastKnownFileType = sourcecode.swift; path = SignupView.swift; sourceTree = "<group>"; };
		21BDB19F2DA1A9F500701057 /* EmailModel.swift */ = {isa = PBXFileReference; lastKnownFileType = sourcecode.swift; path = EmailModel.swift; sourceTree = "<group>"; };
		21BDB1A12DA1ADDF00701057 /* PasswordView.swift */ = {isa = PBXFileReference; lastKnownFileType = sourcecode.swift; path = PasswordView.swift; sourceTree = "<group>"; };
		21BDB1A32DA1AFB900701057 /* PDFKitView.swift */ = {isa = PBXFileReference; lastKnownFileType = sourcecode.swift; path = PDFKitView.swift; sourceTree = "<group>"; };
/* End PBXFileReference section */

/* Begin PBXFrameworksBuildPhase section */
		2176186E2DA14EF60053DA6C /* Frameworks */ = {
			isa = PBXFrameworksBuildPhase;
			buildActionMask = 2147483647;
			files = (
				21BDB19E2DA1A9E500701057 /* Alamofire in Frameworks */,
			);
			runOnlyForDeploymentPostprocessing = 0;
		};
		2176187E2DA14EF80053DA6C /* Frameworks */ = {
			isa = PBXFrameworksBuildPhase;
			buildActionMask = 2147483647;
			files = (
			);
			runOnlyForDeploymentPostprocessing = 0;
		};
/* End PBXFrameworksBuildPhase section */

/* Begin PBXGroup section */
		2158C3C52DA2F70D00AB252A /* WordPair */ = {
			isa = PBXGroup;
			children = (
				2158C3C62DA2F73900AB252A /* GameWordPair.swift */,
				2158C3C82DA2F78B00AB252A /* GameWordPairViewModel.swift */,
			);
			path = WordPair;
			sourceTree = "<group>";
		};
		2158C3CE2DA3863400AB252A /* Speech */ = {
			isa = PBXGroup;
			children = (
				2158C3CC2DA306E900AB252A /* SpeechView.swift */,
			);
			path = Speech;
			sourceTree = "<group>";
		};
		2158C3CF2DA3864C00AB252A /* ComputerGame */ = {
			isa = PBXGroup;
			children = (
				2158C3D02DA3867500AB252A /* ComputerGame.swift */,
			);
			path = ComputerGame;
			sourceTree = "<group>";
		};
		217618682DA14EF60053DA6C = {
			isa = PBXGroup;
			children = (
				217618A32DA14F890053DA6C /* RepeatAgain */,
				217618A92DA14F8D0053DA6C /* RepeatAgainTests */,
				217618722DA14EF60053DA6C /* Products */,
			);
			sourceTree = "<group>";
		};
		217618722DA14EF60053DA6C /* Products */ = {
			isa = PBXGroup;
			children = (
				217618712DA14EF60053DA6C /* RepeatAgain.app */,
				217618812DA14EF80053DA6C /* RepeatAgainTests.xctest */,
			);
			name = Products;
			sourceTree = "<group>";
		};
		2176189F2DA14F890053DA6C /* Preview Content */ = {
			isa = PBXGroup;
			children = (
				2176189E2DA14F890053DA6C /* Preview Assets.xcassets */,
			);
			path = "Preview Content";
			sourceTree = "<group>";
		};
		217618A32DA14F890053DA6C /* RepeatAgain */ = {
			isa = PBXGroup;
			children = (
				217750442DA16DCA006C421E /* Info.plist */,
				217618A22DA14F890053DA6C /* RepeatAgainApp.swift */,
				217618AE2DA14FA60053DA6C /* Components */,
				217618AB2DA14FA20053DA6C /* VIew */,
				217618AC2DA14FA50053DA6C /* ViewModel */,
				217618AD2DA14FA50053DA6C /* Model */,
				2177500C2DA16D7A006C421E /* SupportingFiles */,
				2176189F2DA14F890053DA6C /* Preview Content */,
			);
			path = RepeatAgain;
			sourceTree = "<group>";
		};
		217618A92DA14F8D0053DA6C /* RepeatAgainTests */ = {
			isa = PBXGroup;
			children = (
				217618A82DA14F8D0053DA6C /* RepeatAgainTests.swift */,
			);
			path = RepeatAgainTests;
			sourceTree = "<group>";
		};
		217618AB2DA14FA20053DA6C /* VIew */ = {
			isa = PBXGroup;
			children = (
				217618B02DA1609B0053DA6C /* Components */,
				217618AF2DA160950053DA6C /* Screens */,
			);
			path = VIew;
			sourceTree = "<group>";
		};
		217618AC2DA14FA50053DA6C /* ViewModel */ = {
			isa = PBXGroup;
			children = (
				21BDB1982DA1A3D500701057 /* AuthViewModel.swift */,
				21BDB1A32DA1AFB900701057 /* PDFKitView.swift */,
			);
			path = ViewModel;
			sourceTree = "<group>";
		};
		217618AD2DA14FA50053DA6C /* Model */ = {
			isa = PBXGroup;
			children = (
				217618C12DA161610053DA6C /* QueueModel.swift */,
				21BDB19F2DA1A9F500701057 /* EmailModel.swift */,
			);
			path = Model;
			sourceTree = "<group>";
		};
		217618AE2DA14FA60053DA6C /* Components */ = {
			isa = PBXGroup;
			children = (
				217750452DA16E39006C421E /* View */,
				217750082DA16CDC006C421E /* Extension */,
				217618C32DA163720053DA6C /* Helpers */,
			);
			path = Components;
			sourceTree = "<group>";
		};
		217618AF2DA160950053DA6C /* Screens */ = {
			isa = PBXGroup;
			children = (
				219303B72DA2D4E5007839EE /* Games */,
				217618B42DA160FC0053DA6C /* Onboarding */,
				217618B72DA161080053DA6C /* SplashScreen */,
				217618B92DA161080053DA6C /* SelectLanguage */,
				217618BB2DA161080053DA6C /* Signup */,
				217618BE2DA1613A0053DA6C /* Login */,
			);
			path = Screens;
			sourceTree = "<group>";
		};
		217618B02DA1609B0053DA6C /* Components */ = {
			isa = PBXGroup;
			children = (
				217618B12DA160B50053DA6C /* Modifier */,
			);
			path = Components;
			sourceTree = "<group>";
		};
		217618B12DA160B50053DA6C /* Modifier */ = {
			isa = PBXGroup;
			children = (
				217618B22DA160C50053DA6C /* NetworkModifier.swift */,
			);
			path = Modifier;
			sourceTree = "<group>";
		};
		217618B42DA160FC0053DA6C /* Onboarding */ = {
			isa = PBXGroup;
			children = (
				217618B52DA161040053DA6C /* View */,
				217618BC2DA161280053DA6C /* ViewModel */,
			);
			path = Onboarding;
			sourceTree = "<group>";
		};
		217618B52DA161040053DA6C /* View */ = {
			isa = PBXGroup;
			children = (
				217618A12DA14F890053DA6C /* OnboardingView.swift */,
				2177504B2DA1876B006C421E /* StepView.swift */,
			);
			path = View;
			sourceTree = "<group>";
		};
		217618B62DA161080053DA6C /* View */ = {
			isa = PBXGroup;
			children = (
				217618CA2DA164830053DA6C /* SplashScreenView.swift */,
			);
			path = View;
			sourceTree = "<group>";
		};
		217618B72DA161080053DA6C /* SplashScreen */ = {
			isa = PBXGroup;
			children = (
				217618B62DA161080053DA6C /* View */,
			);
			path = SplashScreen;
			sourceTree = "<group>";
		};
		217618B82DA161080053DA6C /* View */ = {
			isa = PBXGroup;
			children = (
				2177504D2DA18AA9006C421E /* SelectLanguage.swift */,
				217750512DA18D9F006C421E /* Language.swift */,
			);
			path = View;
			sourceTree = "<group>";
		};
		217618B92DA161080053DA6C /* SelectLanguage */ = {
			isa = PBXGroup;
			children = (
				217618B82DA161080053DA6C /* View */,
				217750532DA18EEA006C421E /* ViewModel */,
			);
			path = SelectLanguage;
			sourceTree = "<group>";
		};
		217618BA2DA161080053DA6C /* View */ = {
			isa = PBXGroup;
			children = (
				21BDB19A2DA1A50900701057 /* SignupView.swift */,
				21BDB1A12DA1ADDF00701057 /* PasswordView.swift */,
			);
			path = View;
			sourceTree = "<group>";
		};
		217618BB2DA161080053DA6C /* Signup */ = {
			isa = PBXGroup;
			children = (
				217618BA2DA161080053DA6C /* View */,
			);
			path = Signup;
			sourceTree = "<group>";
		};
		217618BC2DA161280053DA6C /* ViewModel */ = {
			isa = PBXGroup;
			children = (
				217618BF2DA1614F0053DA6C /* OnboardingViewModel.swift */,
			);
			path = ViewModel;
			sourceTree = "<group>";
		};
		217618BD2DA1613A0053DA6C /* View */ = {
			isa = PBXGroup;
			children = (
				2177504F2DA18B40006C421E /* Login.swift */,
			);
			path = View;
			sourceTree = "<group>";
		};
		217618BE2DA1613A0053DA6C /* Login */ = {
			isa = PBXGroup;
			children = (
				217618BD2DA1613A0053DA6C /* View */,
			);
			path = Login;
			sourceTree = "<group>";
		};
		217618C32DA163720053DA6C /* Helpers */ = {
			isa = PBXGroup;
			children = (
				217618C42DA163800053DA6C /* Constants.swift */,
				217750062DA169DE006C421E /* UserKey.swift */,
			);
			path = Helpers;
			sourceTree = "<group>";
		};
		217750082DA16CDC006C421E /* Extension */ = {
			isa = PBXGroup;
			children = (
				217750092DA16CE8006C421E /* View.swift */,
			);
			path = Extension;
			sourceTree = "<group>";
		};
		2177500C2DA16D7A006C421E /* SupportingFiles */ = {
			isa = PBXGroup;
			children = (
				217750112DA16DA1006C421E /* Font */,
				217618A02DA14F890053DA6C /* Assets.xcassets */,
			);
			path = SupportingFiles;
			sourceTree = "<group>";
		};
		217750112DA16DA1006C421E /* Font */ = {
			isa = PBXGroup;
			children = (
				217750122DA16DB9006C421E /* Fredoka_Condensed-Bold.ttf */,
				217750132DA16DB9006C421E /* Fredoka_Condensed-Light.ttf */,
				217750142DA16DB9006C421E /* Fredoka_Condensed-Medium.ttf */,
				217750152DA16DB9006C421E /* Fredoka_Condensed-Regular.ttf */,
				217750162DA16DB9006C421E /* Fredoka_Condensed-SemiBold.ttf */,
				217750172DA16DB9006C421E /* Fredoka_Expanded-Bold.ttf */,
				217750182DA16DB9006C421E /* Fredoka_Expanded-Light.ttf */,
				217750192DA16DB9006C421E /* Fredoka_Expanded-Medium.ttf */,
				2177501A2DA16DB9006C421E /* Fredoka_Expanded-Regular.ttf */,
				2177501B2DA16DB9006C421E /* Fredoka_Expanded-SemiBold.ttf */,
				2177501C2DA16DB9006C421E /* Fredoka_SemiCondensed-Bold.ttf */,
				2177501D2DA16DB9006C421E /* Fredoka_SemiCondensed-Light.ttf */,
				2177501E2DA16DB9006C421E /* Fredoka_SemiCondensed-Medium.ttf */,
				2177501F2DA16DB9006C421E /* Fredoka_SemiCondensed-Regular.ttf */,
				217750202DA16DB9006C421E /* Fredoka_SemiCondensed-SemiBold.ttf */,
				217750212DA16DB9006C421E /* Fredoka_SemiExpanded-Bold.ttf */,
				217750222DA16DB9006C421E /* Fredoka_SemiExpanded-Light.ttf */,
				217750232DA16DB9006C421E /* Fredoka_SemiExpanded-Medium.ttf */,
				217750242DA16DB9006C421E /* Fredoka_SemiExpanded-Regular.ttf */,
				217750252DA16DB9006C421E /* Fredoka_SemiExpanded-SemiBold.ttf */,
				217750262DA16DB9006C421E /* Fredoka-Bold.ttf */,
				217750272DA16DB9006C421E /* Fredoka-Light.ttf */,
				217750282DA16DB9006C421E /* Fredoka-Medium.ttf */,
				217750292DA16DB9006C421E /* Fredoka-Regular.ttf */,
				2177502A2DA16DB9006C421E /* Fredoka-SemiBold.ttf */,
			);
			path = Font;
			sourceTree = "<group>";
		};
		217750452DA16E39006C421E /* View */ = {
			isa = PBXGroup;
			children = (
				217750462DA16E3E006C421E /* MainButton */,
				21BDB1962DA1A0C500701057 /* CustomTextField */,
			);
			path = View;
			sourceTree = "<group>";
		};
		217750462DA16E3E006C421E /* MainButton */ = {
			isa = PBXGroup;
			children = (
				217750472DA16E4D006C421E /* MainButtonView.swift */,
			);
			path = MainButton;
			sourceTree = "<group>";
		};
		217750532DA18EEA006C421E /* ViewModel */ = {
			isa = PBXGroup;
			children = (
				217750542DA18F07006C421E /* SelectLanguageViewModel.swift */,
			);
			path = ViewModel;
			sourceTree = "<group>";
		};
		219303B72DA2D4E5007839EE /* Games */ = {
			isa = PBXGroup;
			children = (
				219303B82DA2D4F7007839EE /* Games.swift */,
				2158C3CF2DA3864C00AB252A /* ComputerGame */,
				2158C3C52DA2F70D00AB252A /* WordPair */,
				219303BA2DA2D537007839EE /* AnimalView */,
				2158C3CE2DA3863400AB252A /* Speech */,
			);
			path = Games;
			sourceTree = "<group>";
		};
		219303BA2DA2D537007839EE /* AnimalView */ = {
			isa = PBXGroup;
			children = (
				219303BB2DA2D546007839EE /* AnimalsView.swift */,
				2158C3C32DA2F35000AB252A /* AnimalsViewModel.swift */,
			);
			path = AnimalView;
			sourceTree = "<group>";
		};
		21BDB1962DA1A0C500701057 /* CustomTextField */ = {
			isa = PBXGroup;
			children = (
				21BDB1952DA1A0C500701057 /* CustomTextField.swift */,
			);
			path = CustomTextField;
			sourceTree = "<group>";
		};
/* End PBXGroup section */

/* Begin PBXNativeTarget section */
		217618702DA14EF60053DA6C /* RepeatAgain */ = {
			isa = PBXNativeTarget;
			buildConfigurationList = 217618952DA14EF80053DA6C /* Build configuration list for PBXNativeTarget "RepeatAgain" */;
			buildPhases = (
				2176186D2DA14EF60053DA6C /* Sources */,
				2176186E2DA14EF60053DA6C /* Frameworks */,
				2176186F2DA14EF60053DA6C /* Resources */,
			);
			buildRules = (
			);
			dependencies = (
			);
			name = RepeatAgain;
			packageProductDependencies = (
				21BDB19D2DA1A9E500701057 /* Alamofire */,
			);
			productName = RepeatAgain;
			productReference = 217618712DA14EF60053DA6C /* RepeatAgain.app */;
			productType = "com.apple.product-type.application";
		};
		217618802DA14EF80053DA6C /* RepeatAgainTests */ = {
			isa = PBXNativeTarget;
			buildConfigurationList = 217618982DA14EF80053DA6C /* Build configuration list for PBXNativeTarget "RepeatAgainTests" */;
			buildPhases = (
				2176187D2DA14EF80053DA6C /* Sources */,
				2176187E2DA14EF80053DA6C /* Frameworks */,
				2176187F2DA14EF80053DA6C /* Resources */,
			);
			buildRules = (
			);
			dependencies = (
				217618832DA14EF80053DA6C /* PBXTargetDependency */,
			);
			name = RepeatAgainTests;
			packageProductDependencies = (
			);
			productName = RepeatAgainTests;
			productReference = 217618812DA14EF80053DA6C /* RepeatAgainTests.xctest */;
			productType = "com.apple.product-type.bundle.unit-test";
		};
/* End PBXNativeTarget section */

/* Begin PBXProject section */
		217618692DA14EF60053DA6C /* Project object */ = {
			isa = PBXProject;
			attributes = {
				BuildIndependentTargetsInParallel = 1;
				LastSwiftUpdateCheck = 1620;
				LastUpgradeCheck = 1620;
				TargetAttributes = {
					217618702DA14EF60053DA6C = {
						CreatedOnToolsVersion = 16.2;
					};
					217618802DA14EF80053DA6C = {
						CreatedOnToolsVersion = 16.2;
						TestTargetID = 217618702DA14EF60053DA6C;
					};
				};
			};
			buildConfigurationList = 2176186C2DA14EF60053DA6C /* Build configuration list for PBXProject "RepeatAgain" */;
			developmentRegion = en;
			hasScannedForEncodings = 0;
			knownRegions = (
				en,
				Base,
			);
			mainGroup = 217618682DA14EF60053DA6C;
			minimizedProjectReferenceProxies = 1;
			packageReferences = (
				21BDB19C2DA1A9E500701057 /* XCRemoteSwiftPackageReference "Alamofire" */,
			);
			preferredProjectObjectVersion = 77;
			productRefGroup = 217618722DA14EF60053DA6C /* Products */;
			projectDirPath = "";
			projectRoot = "";
			targets = (
				217618702DA14EF60053DA6C /* RepeatAgain */,
				217618802DA14EF80053DA6C /* RepeatAgainTests */,
			);
		};
/* End PBXProject section */

/* Begin PBXResourcesBuildPhase section */
		2176186F2DA14EF60053DA6C /* Resources */ = {
			isa = PBXResourcesBuildPhase;
			buildActionMask = 2147483647;
			files = (
				2177502B2DA16DB9006C421E /* Fredoka_Condensed-Regular.ttf in Resources */,
				2177502C2DA16DB9006C421E /* Fredoka_Condensed-Medium.ttf in Resources */,
				2177502D2DA16DB9006C421E /* Fredoka_Expanded-Bold.ttf in Resources */,
				2177502E2DA16DB9006C421E /* Fredoka_SemiCondensed-SemiBold.ttf in Resources */,
				2177502F2DA16DB9006C421E /* Fredoka_SemiExpanded-SemiBold.ttf in Resources */,
				217750302DA16DB9006C421E /* Fredoka_SemiCondensed-Regular.ttf in Resources */,
				217750312DA16DB9006C421E /* Fredoka_SemiCondensed-Medium.ttf in Resources */,
				217750322DA16DB9006C421E /* Fredoka_Condensed-Light.ttf in Resources */,
				217750332DA16DB9006C421E /* Fredoka_Expanded-Medium.ttf in Resources */,
				217750342DA16DB9006C421E /* Fredoka_Condensed-Bold.ttf in Resources */,
				217750352DA16DB9006C421E /* Fredoka-SemiBold.ttf in Resources */,
				217750362DA16DB9006C421E /* Fredoka_Expanded-Regular.ttf in Resources */,
				217750372DA16DB9006C421E /* Fredoka_SemiExpanded-Regular.ttf in Resources */,
				217750382DA16DB9006C421E /* Fredoka_SemiExpanded-Medium.ttf in Resources */,
				217750392DA16DB9006C421E /* Fredoka_SemiExpanded-Bold.ttf in Resources */,
				2177503A2DA16DB9006C421E /* Fredoka_Expanded-SemiBold.ttf in Resources */,
				2177503B2DA16DB9006C421E /* Fredoka_SemiCondensed-Bold.ttf in Resources */,
				2177503C2DA16DB9006C421E /* Fredoka_SemiCondensed-Light.ttf in Resources */,
				2177503D2DA16DB9006C421E /* Fredoka-Regular.ttf in Resources */,
				2177503E2DA16DB9006C421E /* Fredoka_Expanded-Light.ttf in Resources */,
				2177503F2DA16DB9006C421E /* Fredoka_SemiExpanded-Light.ttf in Resources */,
				217750402DA16DB9006C421E /* Fredoka_Condensed-SemiBold.ttf in Resources */,
				217750412DA16DB9006C421E /* Fredoka-Medium.ttf in Resources */,
				217750422DA16DB9006C421E /* Fredoka-Light.ttf in Resources */,
				217750432DA16DB9006C421E /* Fredoka-Bold.ttf in Resources */,
				217618A42DA14F890053DA6C /* Preview Assets.xcassets in Resources */,
				217618A52DA14F890053DA6C /* Assets.xcassets in Resources */,
			);
			runOnlyForDeploymentPostprocessing = 0;
		};
		2176187F2DA14EF80053DA6C /* Resources */ = {
			isa = PBXResourcesBuildPhase;
			buildActionMask = 2147483647;
			files = (
			);
			runOnlyForDeploymentPostprocessing = 0;
		};
/* End PBXResourcesBuildPhase section */

/* Begin PBXSourcesBuildPhase section */
		2176186D2DA14EF60053DA6C /* Sources */ = {
			isa = PBXSourcesBuildPhase;
			buildActionMask = 2147483647;
			files = (
				219303BC2DA2D546007839EE /* AnimalsView.swift in Sources */,
				21BDB19B2DA1A50900701057 /* SignupView.swift in Sources */,
				2177504C2DA1876B006C421E /* StepView.swift in Sources */,
				217750072DA169DF006C421E /* UserKey.swift in Sources */,
				217750502DA18B40006C421E /* Login.swift in Sources */,
				2158C3C92DA2F78B00AB252A /* GameWordPairViewModel.swift in Sources */,
				217750522DA18D9F006C421E /* Language.swift in Sources */,
				217618A62DA14F890053DA6C /* OnboardingView.swift in Sources */,
				21BDB1A02DA1A9F500701057 /* EmailModel.swift in Sources */,
				2158C3C42DA2F35000AB252A /* AnimalsViewModel.swift in Sources */,
				217750482DA16E4D006C421E /* MainButtonView.swift in Sources */,
				2177500A2DA16CE8006C421E /* View.swift in Sources */,
				21BDB1992DA1A3D500701057 /* AuthViewModel.swift in Sources */,
				217618A72DA14F890053DA6C /* RepeatAgainApp.swift in Sources */,
				217618B32DA160C50053DA6C /* NetworkModifier.swift in Sources */,
				2158C3C72DA2F73900AB252A /* GameWordPair.swift in Sources */,
				2158C3CD2DA306E900AB252A /* SpeechView.swift in Sources */,
				21BDB1A42DA1AFB900701057 /* PDFKitView.swift in Sources */,
				2158C3D12DA3867500AB252A /* ComputerGame.swift in Sources */,
				2177504E2DA18AA9006C421E /* SelectLanguage.swift in Sources */,
				217618C02DA1614F0053DA6C /* OnboardingViewModel.swift in Sources */,
				219303B92DA2D4F7007839EE /* Games.swift in Sources */,
				21BDB1972DA1A0C500701057 /* CustomTextField.swift in Sources */,
				21BDB1A22DA1ADDF00701057 /* PasswordView.swift in Sources */,
				217618C22DA161610053DA6C /* QueueModel.swift in Sources */,
				217618C52DA163800053DA6C /* Constants.swift in Sources */,
				217618CB2DA164830053DA6C /* SplashScreenView.swift in Sources */,
				217750552DA18F07006C421E /* SelectLanguageViewModel.swift in Sources */,
			);
			runOnlyForDeploymentPostprocessing = 0;
		};
		2176187D2DA14EF80053DA6C /* Sources */ = {
			isa = PBXSourcesBuildPhase;
			buildActionMask = 2147483647;
			files = (
				217618AA2DA14F8D0053DA6C /* RepeatAgainTests.swift in Sources */,
			);
			runOnlyForDeploymentPostprocessing = 0;
		};
/* End PBXSourcesBuildPhase section */

/* Begin PBXTargetDependency section */
		217618832DA14EF80053DA6C /* PBXTargetDependency */ = {
			isa = PBXTargetDependency;
			target = 217618702DA14EF60053DA6C /* RepeatAgain */;
			targetProxy = 217618822DA14EF80053DA6C /* PBXContainerItemProxy */;
		};
/* End PBXTargetDependency section */

/* Begin XCBuildConfiguration section */
		217618932DA14EF80053DA6C /* Debug */ = {
			isa = XCBuildConfiguration;
			buildSettings = {
				ALWAYS_SEARCH_USER_PATHS = NO;
				ASSETCATALOG_COMPILER_GENERATE_SWIFT_ASSET_SYMBOL_EXTENSIONS = YES;
				CLANG_ANALYZER_NONNULL = YES;
				CLANG_ANALYZER_NUMBER_OBJECT_CONVERSION = YES_AGGRESSIVE;
				CLANG_CXX_LANGUAGE_STANDARD = "gnu++20";
				CLANG_ENABLE_MODULES = YES;
				CLANG_ENABLE_OBJC_ARC = YES;
				CLANG_ENABLE_OBJC_WEAK = YES;
				CLANG_WARN_BLOCK_CAPTURE_AUTORELEASING = YES;
				CLANG_WARN_BOOL_CONVERSION = YES;
				CLANG_WARN_COMMA = YES;
				CLANG_WARN_CONSTANT_CONVERSION = YES;
				CLANG_WARN_DEPRECATED_OBJC_IMPLEMENTATIONS = YES;
				CLANG_WARN_DIRECT_OBJC_ISA_USAGE = YES_ERROR;
				CLANG_WARN_DOCUMENTATION_COMMENTS = YES;
				CLANG_WARN_EMPTY_BODY = YES;
				CLANG_WARN_ENUM_CONVERSION = YES;
				CLANG_WARN_INFINITE_RECURSION = YES;
				CLANG_WARN_INT_CONVERSION = YES;
				CLANG_WARN_NON_LITERAL_NULL_CONVERSION = YES;
				CLANG_WARN_OBJC_IMPLICIT_RETAIN_SELF = YES;
				CLANG_WARN_OBJC_LITERAL_CONVERSION = YES;
				CLANG_WARN_OBJC_ROOT_CLASS = YES_ERROR;
				CLANG_WARN_QUOTED_INCLUDE_IN_FRAMEWORK_HEADER = YES;
				CLANG_WARN_RANGE_LOOP_ANALYSIS = YES;
				CLANG_WARN_STRICT_PROTOTYPES = YES;
				CLANG_WARN_SUSPICIOUS_MOVE = YES;
				CLANG_WARN_UNGUARDED_AVAILABILITY = YES_AGGRESSIVE;
				CLANG_WARN_UNREACHABLE_CODE = YES;
				CLANG_WARN__DUPLICATE_METHOD_MATCH = YES;
				COPY_PHASE_STRIP = NO;
				DEBUG_INFORMATION_FORMAT = dwarf;
				ENABLE_STRICT_OBJC_MSGSEND = YES;
				ENABLE_TESTABILITY = YES;
				ENABLE_USER_SCRIPT_SANDBOXING = YES;
				GCC_C_LANGUAGE_STANDARD = gnu17;
				GCC_DYNAMIC_NO_PIC = NO;
				GCC_NO_COMMON_BLOCKS = YES;
				GCC_OPTIMIZATION_LEVEL = 0;
				GCC_PREPROCESSOR_DEFINITIONS = (
					"DEBUG=1",
					"$(inherited)",
				);
				GCC_WARN_64_TO_32_BIT_CONVERSION = YES;
				GCC_WARN_ABOUT_RETURN_TYPE = YES_ERROR;
				GCC_WARN_UNDECLARED_SELECTOR = YES;
				GCC_WARN_UNINITIALIZED_AUTOS = YES_AGGRESSIVE;
				GCC_WARN_UNUSED_FUNCTION = YES;
				GCC_WARN_UNUSED_VARIABLE = YES;
				IPHONEOS_DEPLOYMENT_TARGET = 18.2;
				LOCALIZATION_PREFERS_STRING_CATALOGS = YES;
				MTL_ENABLE_DEBUG_INFO = INCLUDE_SOURCE;
				MTL_FAST_MATH = YES;
				ONLY_ACTIVE_ARCH = YES;
				SDKROOT = iphoneos;
				SWIFT_ACTIVE_COMPILATION_CONDITIONS = "DEBUG $(inherited)";
				SWIFT_OPTIMIZATION_LEVEL = "-Onone";
			};
			name = Debug;
		};
		217618942DA14EF80053DA6C /* Release */ = {
			isa = XCBuildConfiguration;
			buildSettings = {
				ALWAYS_SEARCH_USER_PATHS = NO;
				ASSETCATALOG_COMPILER_GENERATE_SWIFT_ASSET_SYMBOL_EXTENSIONS = YES;
				CLANG_ANALYZER_NONNULL = YES;
				CLANG_ANALYZER_NUMBER_OBJECT_CONVERSION = YES_AGGRESSIVE;
				CLANG_CXX_LANGUAGE_STANDARD = "gnu++20";
				CLANG_ENABLE_MODULES = YES;
				CLANG_ENABLE_OBJC_ARC = YES;
				CLANG_ENABLE_OBJC_WEAK = YES;
				CLANG_WARN_BLOCK_CAPTURE_AUTORELEASING = YES;
				CLANG_WARN_BOOL_CONVERSION = YES;
				CLANG_WARN_COMMA = YES;
				CLANG_WARN_CONSTANT_CONVERSION = YES;
				CLANG_WARN_DEPRECATED_OBJC_IMPLEMENTATIONS = YES;
				CLANG_WARN_DIRECT_OBJC_ISA_USAGE = YES_ERROR;
				CLANG_WARN_DOCUMENTATION_COMMENTS = YES;
				CLANG_WARN_EMPTY_BODY = YES;
				CLANG_WARN_ENUM_CONVERSION = YES;
				CLANG_WARN_INFINITE_RECURSION = YES;
				CLANG_WARN_INT_CONVERSION = YES;
				CLANG_WARN_NON_LITERAL_NULL_CONVERSION = YES;
				CLANG_WARN_OBJC_IMPLICIT_RETAIN_SELF = YES;
				CLANG_WARN_OBJC_LITERAL_CONVERSION = YES;
				CLANG_WARN_OBJC_ROOT_CLASS = YES_ERROR;
				CLANG_WARN_QUOTED_INCLUDE_IN_FRAMEWORK_HEADER = YES;
				CLANG_WARN_RANGE_LOOP_ANALYSIS = YES;
				CLANG_WARN_STRICT_PROTOTYPES = YES;
				CLANG_WARN_SUSPICIOUS_MOVE = YES;
				CLANG_WARN_UNGUARDED_AVAILABILITY = YES_AGGRESSIVE;
				CLANG_WARN_UNREACHABLE_CODE = YES;
				CLANG_WARN__DUPLICATE_METHOD_MATCH = YES;
				COPY_PHASE_STRIP = NO;
				DEBUG_INFORMATION_FORMAT = "dwarf-with-dsym";
				ENABLE_NS_ASSERTIONS = NO;
				ENABLE_STRICT_OBJC_MSGSEND = YES;
				ENABLE_USER_SCRIPT_SANDBOXING = YES;
				GCC_C_LANGUAGE_STANDARD = gnu17;
				GCC_NO_COMMON_BLOCKS = YES;
				GCC_WARN_64_TO_32_BIT_CONVERSION = YES;
				GCC_WARN_ABOUT_RETURN_TYPE = YES_ERROR;
				GCC_WARN_UNDECLARED_SELECTOR = YES;
				GCC_WARN_UNINITIALIZED_AUTOS = YES_AGGRESSIVE;
				GCC_WARN_UNUSED_FUNCTION = YES;
				GCC_WARN_UNUSED_VARIABLE = YES;
				IPHONEOS_DEPLOYMENT_TARGET = 18.2;
				LOCALIZATION_PREFERS_STRING_CATALOGS = YES;
				MTL_ENABLE_DEBUG_INFO = NO;
				MTL_FAST_MATH = YES;
				SDKROOT = iphoneos;
				SWIFT_COMPILATION_MODE = wholemodule;
				VALIDATE_PRODUCT = YES;
			};
			name = Release;
		};
		217618962DA14EF80053DA6C /* Debug */ = {
			isa = XCBuildConfiguration;
			buildSettings = {
				ASSETCATALOG_COMPILER_APPICON_NAME = AppIcon;
				ASSETCATALOG_COMPILER_GLOBAL_ACCENT_COLOR_NAME = AccentColor;
				CODE_SIGN_STYLE = Automatic;
				CURRENT_PROJECT_VERSION = 1;
				DEVELOPMENT_ASSET_PATHS = "\"RepeatAgain/Preview Content\"";
				DEVELOPMENT_TEAM = 74A6F279YB;
				ENABLE_PREVIEWS = YES;
				GENERATE_INFOPLIST_FILE = YES;
				INFOPLIST_FILE = RepeatAgain/Info.plist;
				INFOPLIST_KEY_NSMicrophoneUsageDescription = ll;
				INFOPLIST_KEY_NSSpeechRecognitionUsageDescription = LL;
				INFOPLIST_KEY_UIApplicationSceneManifest_Generation = YES;
				INFOPLIST_KEY_UIApplicationSupportsIndirectInputEvents = YES;
				INFOPLIST_KEY_UILaunchScreen_Generation = YES;
				INFOPLIST_KEY_UISupportedInterfaceOrientations_iPad = "UIInterfaceOrientationPortrait UIInterfaceOrientationPortraitUpsideDown UIInterfaceOrientationLandscapeLeft UIInterfaceOrientationLandscapeRight";
				INFOPLIST_KEY_UISupportedInterfaceOrientations_iPhone = "UIInterfaceOrientationPortrait UIInterfaceOrientationLandscapeLeft UIInterfaceOrientationLandscapeRight";
				IPHONEOS_DEPLOYMENT_TARGET = 17;
				LD_RUNPATH_SEARCH_PATHS = (
					"$(inherited)",
					"@executable_path/Frameworks",
				);
				MARKETING_VERSION = 1.0;
				PRODUCT_BUNDLE_IDENTIFIER = verdx.RepeatAgain;
				PRODUCT_NAME = "$(TARGET_NAME)";
				SWIFT_EMIT_LOC_STRINGS = YES;
				SWIFT_VERSION = 5.0;
				TARGETED_DEVICE_FAMILY = "1,2";
			};
			name = Debug;
		};
		217618972DA14EF80053DA6C /* Release */ = {
			isa = XCBuildConfiguration;
			buildSettings = {
				ASSETCATALOG_COMPILER_APPICON_NAME = AppIcon;
				ASSETCATALOG_COMPILER_GLOBAL_ACCENT_COLOR_NAME = AccentColor;
				CODE_SIGN_STYLE = Automatic;
				CURRENT_PROJECT_VERSION = 1;
				DEVELOPMENT_ASSET_PATHS = "\"RepeatAgain/Preview Content\"";
				DEVELOPMENT_TEAM = 74A6F279YB;
				ENABLE_PREVIEWS = YES;
				GENERATE_INFOPLIST_FILE = YES;
				INFOPLIST_FILE = RepeatAgain/Info.plist;
				INFOPLIST_KEY_NSMicrophoneUsageDescription = ll;
				INFOPLIST_KEY_NSSpeechRecognitionUsageDescription = LL;
				INFOPLIST_KEY_UIApplicationSceneManifest_Generation = YES;
				INFOPLIST_KEY_UIApplicationSupportsIndirectInputEvents = YES;
				INFOPLIST_KEY_UILaunchScreen_Generation = YES;
				INFOPLIST_KEY_UISupportedInterfaceOrientations_iPad = "UIInterfaceOrientationPortrait UIInterfaceOrientationPortraitUpsideDown UIInterfaceOrientationLandscapeLeft UIInterfaceOrientationLandscapeRight";
				INFOPLIST_KEY_UISupportedInterfaceOrientations_iPhone = "UIInterfaceOrientationPortrait UIInterfaceOrientationLandscapeLeft UIInterfaceOrientationLandscapeRight";
				IPHONEOS_DEPLOYMENT_TARGET = 17;
				LD_RUNPATH_SEARCH_PATHS = (
					"$(inherited)",
					"@executable_path/Frameworks",
				);
				MARKETING_VERSION = 1.0;
				PRODUCT_BUNDLE_IDENTIFIER = verdx.RepeatAgain;
				PRODUCT_NAME = "$(TARGET_NAME)";
				SWIFT_EMIT_LOC_STRINGS = YES;
				SWIFT_VERSION = 5.0;
				TARGETED_DEVICE_FAMILY = "1,2";
			};
			name = Release;
		};
		217618992DA14EF80053DA6C /* Debug */ = {
			isa = XCBuildConfiguration;
			buildSettings = {
				BUNDLE_LOADER = "$(TEST_HOST)";
				CODE_SIGN_STYLE = Automatic;
				CURRENT_PROJECT_VERSION = 1;
				DEVELOPMENT_TEAM = 74A6F279YB;
				GENERATE_INFOPLIST_FILE = YES;
				IPHONEOS_DEPLOYMENT_TARGET = 17;
				MARKETING_VERSION = 1.0;
				PRODUCT_BUNDLE_IDENTIFIER = verdx.RepeatAgainTests;
				PRODUCT_NAME = "$(TARGET_NAME)";
				SWIFT_EMIT_LOC_STRINGS = NO;
				SWIFT_VERSION = 5.0;
				TARGETED_DEVICE_FAMILY = "1,2";
				TEST_HOST = "$(BUILT_PRODUCTS_DIR)/RepeatAgain.app/$(BUNDLE_EXECUTABLE_FOLDER_PATH)/RepeatAgain";
			};
			name = Debug;
		};
		2176189A2DA14EF80053DA6C /* Release */ = {
			isa = XCBuildConfiguration;
			buildSettings = {
				BUNDLE_LOADER = "$(TEST_HOST)";
				CODE_SIGN_STYLE = Automatic;
				CURRENT_PROJECT_VERSION = 1;
				DEVELOPMENT_TEAM = 74A6F279YB;
				GENERATE_INFOPLIST_FILE = YES;
				IPHONEOS_DEPLOYMENT_TARGET = 17;
				MARKETING_VERSION = 1.0;
				PRODUCT_BUNDLE_IDENTIFIER = verdx.RepeatAgainTests;
				PRODUCT_NAME = "$(TARGET_NAME)";
				SWIFT_EMIT_LOC_STRINGS = NO;
				SWIFT_VERSION = 5.0;
				TARGETED_DEVICE_FAMILY = "1,2";
				TEST_HOST = "$(BUILT_PRODUCTS_DIR)/RepeatAgain.app/$(BUNDLE_EXECUTABLE_FOLDER_PATH)/RepeatAgain";
			};
			name = Release;
		};
/* End XCBuildConfiguration section */

/* Begin XCConfigurationList section */
		2176186C2DA14EF60053DA6C /* Build configuration list for PBXProject "RepeatAgain" */ = {
			isa = XCConfigurationList;
			buildConfigurations = (
				217618932DA14EF80053DA6C /* Debug */,
				217618942DA14EF80053DA6C /* Release */,
			);
			defaultConfigurationIsVisible = 0;
			defaultConfigurationName = Release;
		};
		217618952DA14EF80053DA6C /* Build configuration list for PBXNativeTarget "RepeatAgain" */ = {
			isa = XCConfigurationList;
			buildConfigurations = (
				217618962DA14EF80053DA6C /* Debug */,
				217618972DA14EF80053DA6C /* Release */,
			);
			defaultConfigurationIsVisible = 0;
			defaultConfigurationName = Release;
		};
		217618982DA14EF80053DA6C /* Build configuration list for PBXNativeTarget "RepeatAgainTests" */ = {
			isa = XCConfigurationList;
			buildConfigurations = (
				217618992DA14EF80053DA6C /* Debug */,
				2176189A2DA14EF80053DA6C /* Release */,
			);
			defaultConfigurationIsVisible = 0;
			defaultConfigurationName = Release;
		};
/* End XCConfigurationList section */

/* Begin XCRemoteSwiftPackageReference section */
		21BDB19C2DA1A9E500701057 /* XCRemoteSwiftPackageReference "Alamofire" */ = {
			isa = XCRemoteSwiftPackageReference;
			repositoryURL = "https://github.com/Alamofire/Alamofire";
			requirement = {
				kind = upToNextMajorVersion;
				minimumVersion = 5.10.2;
			};
		};
/* End XCRemoteSwiftPackageReference section */

/* Begin XCSwiftPackageProductDependency section */
		21BDB19D2DA1A9E500701057 /* Alamofire */ = {
			isa = XCSwiftPackageProductDependency;
			package = 21BDB19C2DA1A9E500701057 /* XCRemoteSwiftPackageReference "Alamofire" */;
			productName = Alamofire;
		};
/* End XCSwiftPackageProductDependency section */
	};
	rootObject = 217618692DA14EF60053DA6C /* Project object */;
}
